// !$*UTF8*$!
{
	archiveVersion = 1;
	classes = {
	};
	objectVersion = 55;
	objects = {

/* Begin PBXBuildFile section */
		8630C5C328E99D7B002A2F35 /* AppDelegate.swift in Sources */ = {isa = PBXBuildFile; fileRef = 8630C5C228E99D7B002A2F35 /* AppDelegate.swift */; };
		8630C5C528E99D7B002A2F35 /* SceneDelegate.swift in Sources */ = {isa = PBXBuildFile; fileRef = 8630C5C428E99D7B002A2F35 /* SceneDelegate.swift */; };
		8630C5CC28E99D7C002A2F35 /* Assets.xcassets in Resources */ = {isa = PBXBuildFile; fileRef = 8630C5CB28E99D7C002A2F35 /* Assets.xcassets */; };
		8630C5CF28E99D7C002A2F35 /* LaunchScreen.storyboard in Resources */ = {isa = PBXBuildFile; fileRef = 8630C5CD28E99D7C002A2F35 /* LaunchScreen.storyboard */; };
		8630C5DA28E99D7C002A2F35 /* CarrotHomeTabTests.swift in Sources */ = {isa = PBXBuildFile; fileRef = 8630C5D928E99D7C002A2F35 /* CarrotHomeTabTests.swift */; };
		8630C5E428E99D7C002A2F35 /* CarrotHomeTabUITests.swift in Sources */ = {isa = PBXBuildFile; fileRef = 8630C5E328E99D7C002A2F35 /* CarrotHomeTabUITests.swift */; };
		8630C5E628E99D7C002A2F35 /* CarrotHomeTabUITestsLaunchTests.swift in Sources */ = {isa = PBXBuildFile; fileRef = 8630C5E528E99D7C002A2F35 /* CarrotHomeTabUITestsLaunchTests.swift */; };
		8630C5FB28E99E87002A2F35 /* NetworkService.swift in Sources */ = {isa = PBXBuildFile; fileRef = 8630C5F928E99E87002A2F35 /* NetworkService.swift */; };
		8630C5FC28E99E87002A2F35 /* Resource.swift in Sources */ = {isa = PBXBuildFile; fileRef = 8630C5FA28E99E87002A2F35 /* Resource.swift */; };
		8630C5FF28E99E90002A2F35 /* Publisher+Utils.swift in Sources */ = {isa = PBXBuildFile; fileRef = 8630C5FE28E99E90002A2F35 /* Publisher+Utils.swift */; };
		8646128528EC0BBD0046D71F /* CustomBarItem.swift in Sources */ = {isa = PBXBuildFile; fileRef = 8646128428EC0BBD0046D71F /* CustomBarItem.swift */; };
		8646128728EC629B0046D71F /* UIBarButtonItem+CustomView.swift in Sources */ = {isa = PBXBuildFile; fileRef = 8646128628EC629B0046D71F /* UIBarButtonItem+CustomView.swift */; };
		86475C7528E9A4B400999ECC /* HomeViewController.swift in Sources */ = {isa = PBXBuildFile; fileRef = 86475C7428E9A4B400999ECC /* HomeViewController.swift */; };
		86475C7728E9A4D200999ECC /* DetailViewController.swift in Sources */ = {isa = PBXBuildFile; fileRef = 86475C7628E9A4D200999ECC /* DetailViewController.swift */; };
		866B960728F012050054CE06 /* ItemInfoCell.swift in Sources */ = {isa = PBXBuildFile; fileRef = 866B960628F012050054CE06 /* ItemInfoCell.swift */; };
		86DBDE6F28EDDA7F002F623D /* Home.storyboard in Resources */ = {isa = PBXBuildFile; fileRef = 86DBDE6E28EDDA7F002F623D /* Home.storyboard */; };
		86DBDE7128EDDB02002F623D /* ViewModel.swift in Sources */ = {isa = PBXBuildFile; fileRef = 86DBDE7028EDDB02002F623D /* ViewModel.swift */; };
		86DBDE7328EDDEE5002F623D /* ItemInfo.swift in Sources */ = {isa = PBXBuildFile; fileRef = 86DBDE7228EDDEE5002F623D /* ItemInfo.swift */; };
		86F1558F28EACC4B005B590C /* MainTabBarController.swift in Sources */ = {isa = PBXBuildFile; fileRef = 86F1558E28EACC4B005B590C /* MainTabBarController.swift */; };
		86F1559128EACF9F005B590C /* MainNavigaionViewController.swift in Sources */ = {isa = PBXBuildFile; fileRef = 86F1559028EACF9F005B590C /* MainNavigaionViewController.swift */; };
		86F1559328EAD2E8005B590C /* Detail.storyboard in Resources */ = {isa = PBXBuildFile; fileRef = 86F1559228EAD2E8005B590C /* Detail.storyboard */; };
		86F1559528EB2FDE005B590C /* MyTownViewController.swift in Sources */ = {isa = PBXBuildFile; fileRef = 86F1559428EB2FDE005B590C /* MyTownViewController.swift */; };
		86F1559728EB2FE6005B590C /* MyProfileViewController.swift in Sources */ = {isa = PBXBuildFile; fileRef = 86F1559628EB2FE6005B590C /* MyProfileViewController.swift */; };
		86F1559928EB2FEE005B590C /* ChatViewController.swift in Sources */ = {isa = PBXBuildFile; fileRef = 86F1559828EB2FEE005B590C /* ChatViewController.swift */; };
		86F7A99428EDC7AE00E6BD56 /* Main.storyboard in Resources */ = {isa = PBXBuildFile; fileRef = 86F7A99328EDC7AE00E6BD56 /* Main.storyboard */; };
/* End PBXBuildFile section */

/* Begin PBXContainerItemProxy section */
		8630C5D628E99D7C002A2F35 /* PBXContainerItemProxy */ = {
			isa = PBXContainerItemProxy;
			containerPortal = 8630C5B728E99D7B002A2F35 /* Project object */;
			proxyType = 1;
			remoteGlobalIDString = 8630C5BE28E99D7B002A2F35;
			remoteInfo = CarrotHomeTab;
		};
		8630C5E028E99D7C002A2F35 /* PBXContainerItemProxy */ = {
			isa = PBXContainerItemProxy;
			containerPortal = 8630C5B728E99D7B002A2F35 /* Project object */;
			proxyType = 1;
			remoteGlobalIDString = 8630C5BE28E99D7B002A2F35;
			remoteInfo = CarrotHomeTab;
		};
/* End PBXContainerItemProxy section */

/* Begin PBXFileReference section */
		8630C5BF28E99D7B002A2F35 /* CarrotHomeTab.app */ = {isa = PBXFileReference; explicitFileType = wrapper.application; includeInIndex = 0; path = CarrotHomeTab.app; sourceTree = BUILT_PRODUCTS_DIR; };
		8630C5C228E99D7B002A2F35 /* AppDelegate.swift */ = {isa = PBXFileReference; lastKnownFileType = sourcecode.swift; path = AppDelegate.swift; sourceTree = "<group>"; };
		8630C5C428E99D7B002A2F35 /* SceneDelegate.swift */ = {isa = PBXFileReference; lastKnownFileType = sourcecode.swift; path = SceneDelegate.swift; sourceTree = "<group>"; };
		8630C5CB28E99D7C002A2F35 /* Assets.xcassets */ = {isa = PBXFileReference; lastKnownFileType = folder.assetcatalog; path = Assets.xcassets; sourceTree = "<group>"; };
		8630C5CE28E99D7C002A2F35 /* Base */ = {isa = PBXFileReference; lastKnownFileType = file.storyboard; name = Base; path = Base.lproj/LaunchScreen.storyboard; sourceTree = "<group>"; };
		8630C5D028E99D7C002A2F35 /* Info.plist */ = {isa = PBXFileReference; lastKnownFileType = text.plist.xml; path = Info.plist; sourceTree = "<group>"; };
		8630C5D528E99D7C002A2F35 /* CarrotHomeTabTests.xctest */ = {isa = PBXFileReference; explicitFileType = wrapper.cfbundle; includeInIndex = 0; path = CarrotHomeTabTests.xctest; sourceTree = BUILT_PRODUCTS_DIR; };
		8630C5D928E99D7C002A2F35 /* CarrotHomeTabTests.swift */ = {isa = PBXFileReference; lastKnownFileType = sourcecode.swift; path = CarrotHomeTabTests.swift; sourceTree = "<group>"; };
		8630C5DF28E99D7C002A2F35 /* CarrotHomeTabUITests.xctest */ = {isa = PBXFileReference; explicitFileType = wrapper.cfbundle; includeInIndex = 0; path = CarrotHomeTabUITests.xctest; sourceTree = BUILT_PRODUCTS_DIR; };
		8630C5E328E99D7C002A2F35 /* CarrotHomeTabUITests.swift */ = {isa = PBXFileReference; lastKnownFileType = sourcecode.swift; path = CarrotHomeTabUITests.swift; sourceTree = "<group>"; };
		8630C5E528E99D7C002A2F35 /* CarrotHomeTabUITestsLaunchTests.swift */ = {isa = PBXFileReference; lastKnownFileType = sourcecode.swift; path = CarrotHomeTabUITestsLaunchTests.swift; sourceTree = "<group>"; };
		8630C5F928E99E87002A2F35 /* NetworkService.swift */ = {isa = PBXFileReference; fileEncoding = 4; lastKnownFileType = sourcecode.swift; path = NetworkService.swift; sourceTree = "<group>"; };
		8630C5FA28E99E87002A2F35 /* Resource.swift */ = {isa = PBXFileReference; fileEncoding = 4; lastKnownFileType = sourcecode.swift; path = Resource.swift; sourceTree = "<group>"; };
		8630C5FE28E99E90002A2F35 /* Publisher+Utils.swift */ = {isa = PBXFileReference; fileEncoding = 4; lastKnownFileType = sourcecode.swift; path = "Publisher+Utils.swift"; sourceTree = "<group>"; };
		8646128428EC0BBD0046D71F /* CustomBarItem.swift */ = {isa = PBXFileReference; lastKnownFileType = sourcecode.swift; path = CustomBarItem.swift; sourceTree = "<group>"; };
		8646128628EC629B0046D71F /* UIBarButtonItem+CustomView.swift */ = {isa = PBXFileReference; lastKnownFileType = sourcecode.swift; path = "UIBarButtonItem+CustomView.swift"; sourceTree = "<group>"; };
		86475C7428E9A4B400999ECC /* HomeViewController.swift */ = {isa = PBXFileReference; lastKnownFileType = sourcecode.swift; path = HomeViewController.swift; sourceTree = "<group>"; };
		86475C7628E9A4D200999ECC /* DetailViewController.swift */ = {isa = PBXFileReference; lastKnownFileType = sourcecode.swift; path = DetailViewController.swift; sourceTree = "<group>"; };
		866B960628F012050054CE06 /* ItemInfoCell.swift */ = {isa = PBXFileReference; lastKnownFileType = sourcecode.swift; path = ItemInfoCell.swift; sourceTree = "<group>"; };
		86DBDE6E28EDDA7F002F623D /* Home.storyboard */ = {isa = PBXFileReference; fileEncoding = 4; lastKnownFileType = file.storyboard; path = Home.storyboard; sourceTree = "<group>"; };
		86DBDE7028EDDB02002F623D /* ViewModel.swift */ = {isa = PBXFileReference; lastKnownFileType = sourcecode.swift; path = ViewModel.swift; sourceTree = "<group>"; };
		86DBDE7228EDDEE5002F623D /* ItemInfo.swift */ = {isa = PBXFileReference; fileEncoding = 4; lastKnownFileType = sourcecode.swift; path = ItemInfo.swift; sourceTree = "<group>"; };
		86F1558E28EACC4B005B590C /* MainTabBarController.swift */ = {isa = PBXFileReference; lastKnownFileType = sourcecode.swift; path = MainTabBarController.swift; sourceTree = "<group>"; };
		86F1559028EACF9F005B590C /* MainNavigaionViewController.swift */ = {isa = PBXFileReference; lastKnownFileType = sourcecode.swift; path = MainNavigaionViewController.swift; sourceTree = "<group>"; };
		86F1559228EAD2E8005B590C /* Detail.storyboard */ = {isa = PBXFileReference; lastKnownFileType = file.storyboard; path = Detail.storyboard; sourceTree = "<group>"; };
		86F1559428EB2FDE005B590C /* MyTownViewController.swift */ = {isa = PBXFileReference; lastKnownFileType = sourcecode.swift; path = MyTownViewController.swift; sourceTree = "<group>"; };
		86F1559628EB2FE6005B590C /* MyProfileViewController.swift */ = {isa = PBXFileReference; lastKnownFileType = sourcecode.swift; path = MyProfileViewController.swift; sourceTree = "<group>"; };
		86F1559828EB2FEE005B590C /* ChatViewController.swift */ = {isa = PBXFileReference; lastKnownFileType = sourcecode.swift; path = ChatViewController.swift; sourceTree = "<group>"; };
		86F7A99328EDC7AE00E6BD56 /* Main.storyboard */ = {isa = PBXFileReference; fileEncoding = 4; lastKnownFileType = file.storyboard; path = Main.storyboard; sourceTree = "<group>"; };
/* End PBXFileReference section */

/* Begin PBXFrameworksBuildPhase section */
		8630C5BC28E99D7B002A2F35 /* Frameworks */ = {
			isa = PBXFrameworksBuildPhase;
			buildActionMask = 2147483647;
			files = (
			);
			runOnlyForDeploymentPostprocessing = 0;
		};
		8630C5D228E99D7C002A2F35 /* Frameworks */ = {
			isa = PBXFrameworksBuildPhase;
			buildActionMask = 2147483647;
			files = (
			);
			runOnlyForDeploymentPostprocessing = 0;
		};
		8630C5DC28E99D7C002A2F35 /* Frameworks */ = {
			isa = PBXFrameworksBuildPhase;
			buildActionMask = 2147483647;
			files = (
			);
			runOnlyForDeploymentPostprocessing = 0;
		};
/* End PBXFrameworksBuildPhase section */

/* Begin PBXGroup section */
		8630C5B628E99D7B002A2F35 = {
			isa = PBXGroup;
			children = (
				8630C5C128E99D7B002A2F35 /* CarrotHomeTab */,
				8630C5D828E99D7C002A2F35 /* CarrotHomeTabTests */,
				8630C5E228E99D7C002A2F35 /* CarrotHomeTabUITests */,
				8630C5C028E99D7B002A2F35 /* Products */,
			);
			sourceTree = "<group>";
		};
		8630C5C028E99D7B002A2F35 /* Products */ = {
			isa = PBXGroup;
			children = (
				8630C5BF28E99D7B002A2F35 /* CarrotHomeTab.app */,
				8630C5D528E99D7C002A2F35 /* CarrotHomeTabTests.xctest */,
				8630C5DF28E99D7C002A2F35 /* CarrotHomeTabUITests.xctest */,
			);
			name = Products;
			sourceTree = "<group>";
		};
		8630C5C128E99D7B002A2F35 /* CarrotHomeTab */ = {
			isa = PBXGroup;
			children = (
				8630C5C228E99D7B002A2F35 /* AppDelegate.swift */,
				8630C5C428E99D7B002A2F35 /* SceneDelegate.swift */,
				86F7A99028EDC65B00E6BD56 /* Views */,
				8630C5F628E99E3C002A2F35 /* Model */,
				86F7A98A28EDC5B600E6BD56 /* Home */,
				86F7A98B28EDC5C500E6BD56 /* MyTown */,
				86F7A98C28EDC5D900E6BD56 /* Chat */,
				86F7A98D28EDC5E700E6BD56 /* MyProfile */,
				86F7A98E28EDC5FA00E6BD56 /* Detail */,
				86F7A98F28EDC63700E6BD56 /* Extensions */,
				8630C5FD28E99E90002A2F35 /* Utils */,
				8630C5F828E99E87002A2F35 /* Network */,
				8630C5CB28E99D7C002A2F35 /* Assets.xcassets */,
				8630C5CD28E99D7C002A2F35 /* LaunchScreen.storyboard */,
				8630C5D028E99D7C002A2F35 /* Info.plist */,
			);
			path = CarrotHomeTab;
			sourceTree = "<group>";
		};
		8630C5D828E99D7C002A2F35 /* CarrotHomeTabTests */ = {
			isa = PBXGroup;
			children = (
				8630C5D928E99D7C002A2F35 /* CarrotHomeTabTests.swift */,
			);
			path = CarrotHomeTabTests;
			sourceTree = "<group>";
		};
		8630C5E228E99D7C002A2F35 /* CarrotHomeTabUITests */ = {
			isa = PBXGroup;
			children = (
				8630C5E328E99D7C002A2F35 /* CarrotHomeTabUITests.swift */,
				8630C5E528E99D7C002A2F35 /* CarrotHomeTabUITestsLaunchTests.swift */,
			);
			path = CarrotHomeTabUITests;
			sourceTree = "<group>";
		};
		8630C5F628E99E3C002A2F35 /* Model */ = {
			isa = PBXGroup;
			children = (
				86DBDE7228EDDEE5002F623D /* ItemInfo.swift */,
			);
			path = Model;
			sourceTree = "<group>";
		};
		8630C5F828E99E87002A2F35 /* Network */ = {
			isa = PBXGroup;
			children = (
				8630C5F928E99E87002A2F35 /* NetworkService.swift */,
				8630C5FA28E99E87002A2F35 /* Resource.swift */,
			);
			path = Network;
			sourceTree = "<group>";
		};
		8630C5FD28E99E90002A2F35 /* Utils */ = {
			isa = PBXGroup;
			children = (
				8630C5FE28E99E90002A2F35 /* Publisher+Utils.swift */,
			);
			path = Utils;
			sourceTree = "<group>";
		};
		86F7A98A28EDC5B600E6BD56 /* Home */ = {
			isa = PBXGroup;
			children = (
				86DBDE6E28EDDA7F002F623D /* Home.storyboard */,
				866B960628F012050054CE06 /* ItemInfoCell.swift */,
				86DBDE7028EDDB02002F623D /* ViewModel.swift */,
				86475C7428E9A4B400999ECC /* HomeViewController.swift */,
			);
			path = Home;
			sourceTree = "<group>";
		};
		86F7A98B28EDC5C500E6BD56 /* MyTown */ = {
			isa = PBXGroup;
			children = (
				86F1559428EB2FDE005B590C /* MyTownViewController.swift */,
			);
			path = MyTown;
			sourceTree = "<group>";
		};
		86F7A98C28EDC5D900E6BD56 /* Chat */ = {
			isa = PBXGroup;
			children = (
				86F1559828EB2FEE005B590C /* ChatViewController.swift */,
			);
			path = Chat;
			sourceTree = "<group>";
		};
		86F7A98D28EDC5E700E6BD56 /* MyProfile */ = {
			isa = PBXGroup;
			children = (
				86F1559628EB2FE6005B590C /* MyProfileViewController.swift */,
			);
			path = MyProfile;
			sourceTree = "<group>";
		};
		86F7A98E28EDC5FA00E6BD56 /* Detail */ = {
			isa = PBXGroup;
			children = (
				86F1559228EAD2E8005B590C /* Detail.storyboard */,
				86475C7628E9A4D200999ECC /* DetailViewController.swift */,
			);
			path = Detail;
			sourceTree = "<group>";
		};
		86F7A98F28EDC63700E6BD56 /* Extensions */ = {
			isa = PBXGroup;
			children = (
				8646128628EC629B0046D71F /* UIBarButtonItem+CustomView.swift */,
			);
			path = Extensions;
			sourceTree = "<group>";
		};
		86F7A99028EDC65B00E6BD56 /* Views */ = {
			isa = PBXGroup;
			children = (
				86F7A99328EDC7AE00E6BD56 /* Main.storyboard */,
				86F1559028EACF9F005B590C /* MainNavigaionViewController.swift */,
				86F1558E28EACC4B005B590C /* MainTabBarController.swift */,
				8646128428EC0BBD0046D71F /* CustomBarItem.swift */,
			);
			path = Views;
			sourceTree = "<group>";
		};
/* End PBXGroup section */

/* Begin PBXNativeTarget section */
		8630C5BE28E99D7B002A2F35 /* CarrotHomeTab */ = {
			isa = PBXNativeTarget;
			buildConfigurationList = 8630C5E928E99D7C002A2F35 /* Build configuration list for PBXNativeTarget "CarrotHomeTab" */;
			buildPhases = (
				8630C5BB28E99D7B002A2F35 /* Sources */,
				8630C5BC28E99D7B002A2F35 /* Frameworks */,
				8630C5BD28E99D7B002A2F35 /* Resources */,
			);
			buildRules = (
			);
			dependencies = (
			);
			name = CarrotHomeTab;
			productName = CarrotHomeTab;
			productReference = 8630C5BF28E99D7B002A2F35 /* CarrotHomeTab.app */;
			productType = "com.apple.product-type.application";
		};
		8630C5D428E99D7C002A2F35 /* CarrotHomeTabTests */ = {
			isa = PBXNativeTarget;
			buildConfigurationList = 8630C5EC28E99D7C002A2F35 /* Build configuration list for PBXNativeTarget "CarrotHomeTabTests" */;
			buildPhases = (
				8630C5D128E99D7C002A2F35 /* Sources */,
				8630C5D228E99D7C002A2F35 /* Frameworks */,
				8630C5D328E99D7C002A2F35 /* Resources */,
			);
			buildRules = (
			);
			dependencies = (
				8630C5D728E99D7C002A2F35 /* PBXTargetDependency */,
			);
			name = CarrotHomeTabTests;
			productName = CarrotHomeTabTests;
			productReference = 8630C5D528E99D7C002A2F35 /* CarrotHomeTabTests.xctest */;
			productType = "com.apple.product-type.bundle.unit-test";
		};
		8630C5DE28E99D7C002A2F35 /* CarrotHomeTabUITests */ = {
			isa = PBXNativeTarget;
			buildConfigurationList = 8630C5EF28E99D7C002A2F35 /* Build configuration list for PBXNativeTarget "CarrotHomeTabUITests" */;
			buildPhases = (
				8630C5DB28E99D7C002A2F35 /* Sources */,
				8630C5DC28E99D7C002A2F35 /* Frameworks */,
				8630C5DD28E99D7C002A2F35 /* Resources */,
			);
			buildRules = (
			);
			dependencies = (
				8630C5E128E99D7C002A2F35 /* PBXTargetDependency */,
			);
			name = CarrotHomeTabUITests;
			productName = CarrotHomeTabUITests;
			productReference = 8630C5DF28E99D7C002A2F35 /* CarrotHomeTabUITests.xctest */;
			productType = "com.apple.product-type.bundle.ui-testing";
		};
/* End PBXNativeTarget section */

/* Begin PBXProject section */
		8630C5B728E99D7B002A2F35 /* Project object */ = {
			isa = PBXProject;
			attributes = {
				BuildIndependentTargetsInParallel = 1;
				LastSwiftUpdateCheck = 1340;
				LastUpgradeCheck = 1340;
				TargetAttributes = {
					8630C5BE28E99D7B002A2F35 = {
						CreatedOnToolsVersion = 13.4.1;
					};
					8630C5D428E99D7C002A2F35 = {
						CreatedOnToolsVersion = 13.4.1;
						TestTargetID = 8630C5BE28E99D7B002A2F35;
					};
					8630C5DE28E99D7C002A2F35 = {
						CreatedOnToolsVersion = 13.4.1;
						TestTargetID = 8630C5BE28E99D7B002A2F35;
					};
				};
			};
			buildConfigurationList = 8630C5BA28E99D7B002A2F35 /* Build configuration list for PBXProject "CarrotHomeTab" */;
			compatibilityVersion = "Xcode 13.0";
			developmentRegion = en;
			hasScannedForEncodings = 0;
			knownRegions = (
				en,
				Base,
			);
			mainGroup = 8630C5B628E99D7B002A2F35;
			productRefGroup = 8630C5C028E99D7B002A2F35 /* Products */;
			projectDirPath = "";
			projectRoot = "";
			targets = (
				8630C5BE28E99D7B002A2F35 /* CarrotHomeTab */,
				8630C5D428E99D7C002A2F35 /* CarrotHomeTabTests */,
				8630C5DE28E99D7C002A2F35 /* CarrotHomeTabUITests */,
			);
		};
/* End PBXProject section */

/* Begin PBXResourcesBuildPhase section */
		8630C5BD28E99D7B002A2F35 /* Resources */ = {
			isa = PBXResourcesBuildPhase;
			buildActionMask = 2147483647;
			files = (
				8630C5CF28E99D7C002A2F35 /* LaunchScreen.storyboard in Resources */,
				86DBDE6F28EDDA7F002F623D /* Home.storyboard in Resources */,
				8630C5CC28E99D7C002A2F35 /* Assets.xcassets in Resources */,
				86F1559328EAD2E8005B590C /* Detail.storyboard in Resources */,
				86F7A99428EDC7AE00E6BD56 /* Main.storyboard in Resources */,
			);
			runOnlyForDeploymentPostprocessing = 0;
		};
		8630C5D328E99D7C002A2F35 /* Resources */ = {
			isa = PBXResourcesBuildPhase;
			buildActionMask = 2147483647;
			files = (
			);
			runOnlyForDeploymentPostprocessing = 0;
		};
		8630C5DD28E99D7C002A2F35 /* Resources */ = {
			isa = PBXResourcesBuildPhase;
			buildActionMask = 2147483647;
			files = (
			);
			runOnlyForDeploymentPostprocessing = 0;
		};
/* End PBXResourcesBuildPhase section */

/* Begin PBXSourcesBuildPhase section */
		8630C5BB28E99D7B002A2F35 /* Sources */ = {
			isa = PBXSourcesBuildPhase;
			buildActionMask = 2147483647;
			files = (
				86F1559128EACF9F005B590C /* MainNavigaionViewController.swift in Sources */,
				8630C5C328E99D7B002A2F35 /* AppDelegate.swift in Sources */,
				8630C5FB28E99E87002A2F35 /* NetworkService.swift in Sources */,
				86F1558F28EACC4B005B590C /* MainTabBarController.swift in Sources */,
				86DBDE7328EDDEE5002F623D /* ItemInfo.swift in Sources */,
				86F1559728EB2FE6005B590C /* MyProfileViewController.swift in Sources */,
				8630C5FC28E99E87002A2F35 /* Resource.swift in Sources */,
				8646128728EC629B0046D71F /* UIBarButtonItem+CustomView.swift in Sources */,
				8630C5FF28E99E90002A2F35 /* Publisher+Utils.swift in Sources */,
				8630C5C528E99D7B002A2F35 /* SceneDelegate.swift in Sources */,
				8646128528EC0BBD0046D71F /* CustomBarItem.swift in Sources */,
				86DBDE7128EDDB02002F623D /* ViewModel.swift in Sources */,
				86475C7528E9A4B400999ECC /* HomeViewController.swift in Sources */,
				86F1559528EB2FDE005B590C /* MyTownViewController.swift in Sources */,
				86F1559928EB2FEE005B590C /* ChatViewController.swift in Sources */,
				866B960728F012050054CE06 /* ItemInfoCell.swift in Sources */,
				86475C7728E9A4D200999ECC /* DetailViewController.swift in Sources */,
			);
			runOnlyForDeploymentPostprocessing = 0;
		};
		8630C5D128E99D7C002A2F35 /* Sources */ = {
			isa = PBXSourcesBuildPhase;
			buildActionMask = 2147483647;
			files = (
				8630C5DA28E99D7C002A2F35 /* CarrotHomeTabTests.swift in Sources */,
			);
			runOnlyForDeploymentPostprocessing = 0;
		};
		8630C5DB28E99D7C002A2F35 /* Sources */ = {
			isa = PBXSourcesBuildPhase;
			buildActionMask = 2147483647;
			files = (
				8630C5E628E99D7C002A2F35 /* CarrotHomeTabUITestsLaunchTests.swift in Sources */,
				8630C5E428E99D7C002A2F35 /* CarrotHomeTabUITests.swift in Sources */,
			);
			runOnlyForDeploymentPostprocessing = 0;
		};
/* End PBXSourcesBuildPhase section */

/* Begin PBXTargetDependency section */
		8630C5D728E99D7C002A2F35 /* PBXTargetDependency */ = {
			isa = PBXTargetDependency;
			target = 8630C5BE28E99D7B002A2F35 /* CarrotHomeTab */;
			targetProxy = 8630C5D628E99D7C002A2F35 /* PBXContainerItemProxy */;
		};
		8630C5E128E99D7C002A2F35 /* PBXTargetDependency */ = {
			isa = PBXTargetDependency;
			target = 8630C5BE28E99D7B002A2F35 /* CarrotHomeTab */;
			targetProxy = 8630C5E028E99D7C002A2F35 /* PBXContainerItemProxy */;
		};
/* End PBXTargetDependency section */

/* Begin PBXVariantGroup section */
		8630C5CD28E99D7C002A2F35 /* LaunchScreen.storyboard */ = {
			isa = PBXVariantGroup;
			children = (
				8630C5CE28E99D7C002A2F35 /* Base */,
			);
			name = LaunchScreen.storyboard;
			sourceTree = "<group>";
		};
/* End PBXVariantGroup section */

/* Begin XCBuildConfiguration section */
		8630C5E728E99D7C002A2F35 /* Debug */ = {
			isa = XCBuildConfiguration;
			buildSettings = {
				ALWAYS_SEARCH_USER_PATHS = NO;
				CLANG_ANALYZER_NONNULL = YES;
				CLANG_ANALYZER_NUMBER_OBJECT_CONVERSION = YES_AGGRESSIVE;
				CLANG_CXX_LANGUAGE_STANDARD = "gnu++17";
				CLANG_ENABLE_MODULES = YES;
				CLANG_ENABLE_OBJC_ARC = YES;
				CLANG_ENABLE_OBJC_WEAK = YES;
				CLANG_WARN_BLOCK_CAPTURE_AUTORELEASING = YES;
				CLANG_WARN_BOOL_CONVERSION = YES;
				CLANG_WARN_COMMA = YES;
				CLANG_WARN_CONSTANT_CONVERSION = YES;
				CLANG_WARN_DEPRECATED_OBJC_IMPLEMENTATIONS = YES;
				CLANG_WARN_DIRECT_OBJC_ISA_USAGE = YES_ERROR;
				CLANG_WARN_DOCUMENTATION_COMMENTS = YES;
				CLANG_WARN_EMPTY_BODY = YES;
				CLANG_WARN_ENUM_CONVERSION = YES;
				CLANG_WARN_INFINITE_RECURSION = YES;
				CLANG_WARN_INT_CONVERSION = YES;
				CLANG_WARN_NON_LITERAL_NULL_CONVERSION = YES;
				CLANG_WARN_OBJC_IMPLICIT_RETAIN_SELF = YES;
				CLANG_WARN_OBJC_LITERAL_CONVERSION = YES;
				CLANG_WARN_OBJC_ROOT_CLASS = YES_ERROR;
				CLANG_WARN_QUOTED_INCLUDE_IN_FRAMEWORK_HEADER = YES;
				CLANG_WARN_RANGE_LOOP_ANALYSIS = YES;
				CLANG_WARN_STRICT_PROTOTYPES = YES;
				CLANG_WARN_SUSPICIOUS_MOVE = YES;
				CLANG_WARN_UNGUARDED_AVAILABILITY = YES_AGGRESSIVE;
				CLANG_WARN_UNREACHABLE_CODE = YES;
				CLANG_WARN__DUPLICATE_METHOD_MATCH = YES;
				COPY_PHASE_STRIP = NO;
				DEBUG_INFORMATION_FORMAT = dwarf;
				ENABLE_STRICT_OBJC_MSGSEND = YES;
				ENABLE_TESTABILITY = YES;
				GCC_C_LANGUAGE_STANDARD = gnu11;
				GCC_DYNAMIC_NO_PIC = NO;
				GCC_NO_COMMON_BLOCKS = YES;
				GCC_OPTIMIZATION_LEVEL = 0;
				GCC_PREPROCESSOR_DEFINITIONS = (
					"DEBUG=1",
					"$(inherited)",
				);
				GCC_WARN_64_TO_32_BIT_CONVERSION = YES;
				GCC_WARN_ABOUT_RETURN_TYPE = YES_ERROR;
				GCC_WARN_UNDECLARED_SELECTOR = YES;
				GCC_WARN_UNINITIALIZED_AUTOS = YES_AGGRESSIVE;
				GCC_WARN_UNUSED_FUNCTION = YES;
				GCC_WARN_UNUSED_VARIABLE = YES;
				IPHONEOS_DEPLOYMENT_TARGET = 15.5;
				MTL_ENABLE_DEBUG_INFO = INCLUDE_SOURCE;
				MTL_FAST_MATH = YES;
				ONLY_ACTIVE_ARCH = YES;
				SDKROOT = iphoneos;
				SWIFT_ACTIVE_COMPILATION_CONDITIONS = DEBUG;
				SWIFT_OPTIMIZATION_LEVEL = "-Onone";
			};
			name = Debug;
		};
		8630C5E828E99D7C002A2F35 /* Release */ = {
			isa = XCBuildConfiguration;
			buildSettings = {
				ALWAYS_SEARCH_USER_PATHS = NO;
				CLANG_ANALYZER_NONNULL = YES;
				CLANG_ANALYZER_NUMBER_OBJECT_CONVERSION = YES_AGGRESSIVE;
				CLANG_CXX_LANGUAGE_STANDARD = "gnu++17";
				CLANG_ENABLE_MODULES = YES;
				CLANG_ENABLE_OBJC_ARC = YES;
				CLANG_ENABLE_OBJC_WEAK = YES;
				CLANG_WARN_BLOCK_CAPTURE_AUTORELEASING = YES;
				CLANG_WARN_BOOL_CONVERSION = YES;
				CLANG_WARN_COMMA = YES;
				CLANG_WARN_CONSTANT_CONVERSION = YES;
				CLANG_WARN_DEPRECATED_OBJC_IMPLEMENTATIONS = YES;
				CLANG_WARN_DIRECT_OBJC_ISA_USAGE = YES_ERROR;
				CLANG_WARN_DOCUMENTATION_COMMENTS = YES;
				CLANG_WARN_EMPTY_BODY = YES;
				CLANG_WARN_ENUM_CONVERSION = YES;
				CLANG_WARN_INFINITE_RECURSION = YES;
				CLANG_WARN_INT_CONVERSION = YES;
				CLANG_WARN_NON_LITERAL_NULL_CONVERSION = YES;
				CLANG_WARN_OBJC_IMPLICIT_RETAIN_SELF = YES;
				CLANG_WARN_OBJC_LITERAL_CONVERSION = YES;
				CLANG_WARN_OBJC_ROOT_CLASS = YES_ERROR;
				CLANG_WARN_QUOTED_INCLUDE_IN_FRAMEWORK_HEADER = YES;
				CLANG_WARN_RANGE_LOOP_ANALYSIS = YES;
				CLANG_WARN_STRICT_PROTOTYPES = YES;
				CLANG_WARN_SUSPICIOUS_MOVE = YES;
				CLANG_WARN_UNGUARDED_AVAILABILITY = YES_AGGRESSIVE;
				CLANG_WARN_UNREACHABLE_CODE = YES;
				CLANG_WARN__DUPLICATE_METHOD_MATCH = YES;
				COPY_PHASE_STRIP = NO;
				DEBUG_INFORMATION_FORMAT = "dwarf-with-dsym";
				ENABLE_NS_ASSERTIONS = NO;
				ENABLE_STRICT_OBJC_MSGSEND = YES;
				GCC_C_LANGUAGE_STANDARD = gnu11;
				GCC_NO_COMMON_BLOCKS = YES;
				GCC_WARN_64_TO_32_BIT_CONVERSION = YES;
				GCC_WARN_ABOUT_RETURN_TYPE = YES_ERROR;
				GCC_WARN_UNDECLARED_SELECTOR = YES;
				GCC_WARN_UNINITIALIZED_AUTOS = YES_AGGRESSIVE;
				GCC_WARN_UNUSED_FUNCTION = YES;
				GCC_WARN_UNUSED_VARIABLE = YES;
				IPHONEOS_DEPLOYMENT_TARGET = 15.5;
				MTL_ENABLE_DEBUG_INFO = NO;
				MTL_FAST_MATH = YES;
				SDKROOT = iphoneos;
				SWIFT_COMPILATION_MODE = wholemodule;
				SWIFT_OPTIMIZATION_LEVEL = "-O";
				VALIDATE_PRODUCT = YES;
			};
			name = Release;
		};
		8630C5EA28E99D7C002A2F35 /* Debug */ = {
			isa = XCBuildConfiguration;
			buildSettings = {
				ASSETCATALOG_COMPILER_APPICON_NAME = AppIcon;
				ASSETCATALOG_COMPILER_GLOBAL_ACCENT_COLOR_NAME = AccentColor;
				CODE_SIGN_STYLE = Automatic;
				CURRENT_PROJECT_VERSION = 1;
				DEVELOPMENT_TEAM = SC2M4P5Z8J;
				GENERATE_INFOPLIST_FILE = YES;
				INFOPLIST_FILE = CarrotHomeTab/Info.plist;
				INFOPLIST_KEY_UIApplicationSupportsIndirectInputEvents = YES;
				INFOPLIST_KEY_UILaunchStoryboardName = LaunchScreen;
				INFOPLIST_KEY_UIMainStoryboardFile = Main;
				INFOPLIST_KEY_UISupportedInterfaceOrientations_iPad = "UIInterfaceOrientationPortrait UIInterfaceOrientationPortraitUpsideDown UIInterfaceOrientationLandscapeLeft UIInterfaceOrientationLandscapeRight";
				INFOPLIST_KEY_UISupportedInterfaceOrientations_iPhone = "UIInterfaceOrientationPortrait UIInterfaceOrientationLandscapeLeft UIInterfaceOrientationLandscapeRight";
				LD_RUNPATH_SEARCH_PATHS = (
					"$(inherited)",
					"@executable_path/Frameworks",
				);
				MARKETING_VERSION = 1.0;
				PRODUCT_BUNDLE_IDENTIFIER = com.torinunna.CarrotHomeTab;
				PRODUCT_NAME = "$(TARGET_NAME)";
				SWIFT_EMIT_LOC_STRINGS = YES;
				SWIFT_VERSION = 5.0;
				TARGETED_DEVICE_FAMILY = "1,2";
			};
			name = Debug;
		};
		8630C5EB28E99D7C002A2F35 /* Release */ = {
			isa = XCBuildConfiguration;
			buildSettings = {
				ASSETCATALOG_COMPILER_APPICON_NAME = AppIcon;
				ASSETCATALOG_COMPILER_GLOBAL_ACCENT_COLOR_NAME = AccentColor;
				CODE_SIGN_STYLE = Automatic;
				CURRENT_PROJECT_VERSION = 1;
				DEVELOPMENT_TEAM = SC2M4P5Z8J;
				GENERATE_INFOPLIST_FILE = YES;
				INFOPLIST_FILE = CarrotHomeTab/Info.plist;
				INFOPLIST_KEY_UIApplicationSupportsIndirectInputEvents = YES;
				INFOPLIST_KEY_UILaunchStoryboardName = LaunchScreen;
				INFOPLIST_KEY_UIMainStoryboardFile = Main;
				INFOPLIST_KEY_UISupportedInterfaceOrientations_iPad = "UIInterfaceOrientationPortrait UIInterfaceOrientationPortraitUpsideDown UIInterfaceOrientationLandscapeLeft UIInterfaceOrientationLandscapeRight";
				INFOPLIST_KEY_UISupportedInterfaceOrientations_iPhone = "UIInterfaceOrientationPortrait UIInterfaceOrientationLandscapeLeft UIInterfaceOrientationLandscapeRight";
				LD_RUNPATH_SEARCH_PATHS = (
					"$(inherited)",
					"@executable_path/Frameworks",
				);
				MARKETING_VERSION = 1.0;
				PRODUCT_BUNDLE_IDENTIFIER = com.torinunna.CarrotHomeTab;
				PRODUCT_NAME = "$(TARGET_NAME)";
				SWIFT_EMIT_LOC_STRINGS = YES;
				SWIFT_VERSION = 5.0;
				TARGETED_DEVICE_FAMILY = "1,2";
			};
			name = Release;
		};
		8630C5ED28E99D7C002A2F35 /* Debug */ = {
			isa = XCBuildConfiguration;
			buildSettings = {
				ALWAYS_EMBED_SWIFT_STANDARD_LIBRARIES = YES;
				BUNDLE_LOADER = "$(TEST_HOST)";
				CODE_SIGN_STYLE = Automatic;
				CURRENT_PROJECT_VERSION = 1;
				DEVELOPMENT_TEAM = SC2M4P5Z8J;
				GENERATE_INFOPLIST_FILE = YES;
				IPHONEOS_DEPLOYMENT_TARGET = 15.5;
				MARKETING_VERSION = 1.0;
				PRODUCT_BUNDLE_IDENTIFIER = com.torinunna.CarrotHomeTabTests;
				PRODUCT_NAME = "$(TARGET_NAME)";
				SWIFT_EMIT_LOC_STRINGS = NO;
				SWIFT_VERSION = 5.0;
				TARGETED_DEVICE_FAMILY = "1,2";
				TEST_HOST = "$(BUILT_PRODUCTS_DIR)/CarrotHomeTab.app/CarrotHomeTab";
			};
			name = Debug;
		};
		8630C5EE28E99D7C002A2F35 /* Release */ = {
			isa = XCBuildConfiguration;
			buildSettings = {
				ALWAYS_EMBED_SWIFT_STANDARD_LIBRARIES = YES;
				BUNDLE_LOADER = "$(TEST_HOST)";
				CODE_SIGN_STYLE = Automatic;
				CURRENT_PROJECT_VERSION = 1;
				DEVELOPMENT_TEAM = SC2M4P5Z8J;
				GENERATE_INFOPLIST_FILE = YES;
				IPHONEOS_DEPLOYMENT_TARGET = 15.5;
				MARKETING_VERSION = 1.0;
				PRODUCT_BUNDLE_IDENTIFIER = com.torinunna.CarrotHomeTabTests;
				PRODUCT_NAME = "$(TARGET_NAME)";
				SWIFT_EMIT_LOC_STRINGS = NO;
				SWIFT_VERSION = 5.0;
				TARGETED_DEVICE_FAMILY = "1,2";
				TEST_HOST = "$(BUILT_PRODUCTS_DIR)/CarrotHomeTab.app/CarrotHomeTab";
			};
			name = Release;
		};
		8630C5F028E99D7C002A2F35 /* Debug */ = {
			isa = XCBuildConfiguration;
			buildSettings = {
				ALWAYS_EMBED_SWIFT_STANDARD_LIBRARIES = YES;
				CODE_SIGN_STYLE = Automatic;
				CURRENT_PROJECT_VERSION = 1;
				DEVELOPMENT_TEAM = SC2M4P5Z8J;
				GENERATE_INFOPLIST_FILE = YES;
				MARKETING_VERSION = 1.0;
				PRODUCT_BUNDLE_IDENTIFIER = com.torinunna.CarrotHomeTabUITests;
				PRODUCT_NAME = "$(TARGET_NAME)";
				SWIFT_EMIT_LOC_STRINGS = NO;
				SWIFT_VERSION = 5.0;
				TARGETED_DEVICE_FAMILY = "1,2";
				TEST_TARGET_NAME = CarrotHomeTab;
			};
			name = Debug;
		};
		8630C5F128E99D7C002A2F35 /* Release */ = {
			isa = XCBuildConfiguration;
			buildSettings = {
				ALWAYS_EMBED_SWIFT_STANDARD_LIBRARIES = YES;
				CODE_SIGN_STYLE = Automatic;
				CURRENT_PROJECT_VERSION = 1;
				DEVELOPMENT_TEAM = SC2M4P5Z8J;
				GENERATE_INFOPLIST_FILE = YES;
				MARKETING_VERSION = 1.0;
				PRODUCT_BUNDLE_IDENTIFIER = com.torinunna.CarrotHomeTabUITests;
				PRODUCT_NAME = "$(TARGET_NAME)";
				SWIFT_EMIT_LOC_STRINGS = NO;
				SWIFT_VERSION = 5.0;
				TARGETED_DEVICE_FAMILY = "1,2";
				TEST_TARGET_NAME = CarrotHomeTab;
			};
			name = Release;
		};
/* End XCBuildConfiguration section */

/* Begin XCConfigurationList section */
		8630C5BA28E99D7B002A2F35 /* Build configuration list for PBXProject "CarrotHomeTab" */ = {
			isa = XCConfigurationList;
			buildConfigurations = (
				8630C5E728E99D7C002A2F35 /* Debug */,
				8630C5E828E99D7C002A2F35 /* Release */,
			);
			defaultConfigurationIsVisible = 0;
			defaultConfigurationName = Release;
		};
		8630C5E928E99D7C002A2F35 /* Build configuration list for PBXNativeTarget "CarrotHomeTab" */ = {
			isa = XCConfigurationList;
			buildConfigurations = (
				8630C5EA28E99D7C002A2F35 /* Debug */,
				8630C5EB28E99D7C002A2F35 /* Release */,
			);
			defaultConfigurationIsVisible = 0;
			defaultConfigurationName = Release;
		};
		8630C5EC28E99D7C002A2F35 /* Build configuration list for PBXNativeTarget "CarrotHomeTabTests" */ = {
			isa = XCConfigurationList;
			buildConfigurations = (
				8630C5ED28E99D7C002A2F35 /* Debug */,
				8630C5EE28E99D7C002A2F35 /* Release */,
			);
			defaultConfigurationIsVisible = 0;
			defaultConfigurationName = Release;
		};
		8630C5EF28E99D7C002A2F35 /* Build configuration list for PBXNativeTarget "CarrotHomeTabUITests" */ = {
			isa = XCConfigurationList;
			buildConfigurations = (
				8630C5F028E99D7C002A2F35 /* Debug */,
				8630C5F128E99D7C002A2F35 /* Release */,
			);
			defaultConfigurationIsVisible = 0;
			defaultConfigurationName = Release;
		};
/* End XCConfigurationList section */
	};
	rootObject = 8630C5B728E99D7B002A2F35 /* Project object */;
}
